
Microsoft Visual Studio Solution File, Format Version 12.00
# Visual Studio 15
VisualStudioVersion = 15.0.28010.2016
MinimumVisualStudioVersion = 10.0.40219.1
Project("{9A19103F-16F7-4668-BE54-9A1E7A4F7556}") = "AzureStepByStep", "AzureStepByStep\AzureStepByStep.csproj", "{1268497A-D7F1-4C2C-B060-12FED7A7FAD7}"
EndProject
Project("{FAE04EC0-301F-11D3-BF4B-00C04F79EFBC}") = "CheckDBCount", "CheckDBCount\CheckDBCount.csproj", "{208AAF41-F35E-4A91-A81A-A55DBF064FF1}"
EndProject
Global
	GlobalSection(SolutionConfigurationPlatforms) = preSolution
		Debug|Any CPU = Debug|Any CPU
		Release|Any CPU = Release|Any CPU
	EndGlobalSection
	GlobalSection(ProjectConfigurationPlatforms) = postSolution
		{1268497A-D7F1-4C2C-B060-12FED7A7FAD7}.Debug|Any CPU.ActiveCfg = Debug|Any CPU
		{1268497A-D7F1-4C2C-B060-12FED7A7FAD7}.Debug|Any CPU.Build.0 = Debug|Any CPU
		{1268497A-D7F1-4C2C-B060-12FED7A7FAD7}.Release|Any CPU.ActiveCfg = Release|Any CPU
		{1268497A-D7F1-4C2C-B060-12FED7A7FAD7}.Release|Any CPU.Build.0 = Release|Any CPU
		{208AAF41-F35E-4A91-A81A-A55DBF064FF1}.Debug|Any CPU.ActiveCfg = Debug|Any CPU
		{208AAF41-F35E-4A91-A81A-A55DBF064FF1}.Debug|Any CPU.Build.0 = Debug|Any CPU
		{208AAF41-F35E-4A91-A81A-A55DBF064FF1}.Release|Any CPU.ActiveCfg = Release|Any CPU
		{208AAF41-F35E-4A91-A81A-A55DBF064FF1}.Release|Any CPU.Build.0 = Release|Any CPU
	EndGlobalSection
	GlobalSection(SolutionProperties) = preSolution
		HideSolutionNode = FALSE
	EndGlobalSection
	GlobalSection(ExtensibilityGlobals) = postSolution
		SolutionGuid = {3A546170-C8AD-482E-B743-CD3535BDAB8B}
	EndGlobalSection
EndGlobal
